
Microsoft Visual Studio Solution File, Format Version 12.00
# Visual Studio Version 16
VisualStudioVersion = 16.0.29209.62
MinimumVisualStudioVersion = 10.0.40219.1
Project("{9A19103F-16F7-4668-BE54-9A1E7A4F7556}") = "GenericCollectionPractice", "GenericProjectPractice\GenericCollectionPractice.csproj", "{D017C3CC-0083-4509-B89B-0CD0CEB554C7}"
EndProject
Global
	GlobalSection(SolutionConfigurationPlatforms) = preSolution
		Debug|Any CPU = Debug|Any CPU
		Release|Any CPU = Release|Any CPU
	EndGlobalSection
	GlobalSection(ProjectConfigurationPlatforms) = postSolution
		{D017C3CC-0083-4509-B89B-0CD0CEB554C7}.Debug|Any CPU.ActiveCfg = Debug|Any CPU
		{D017C3CC-0083-4509-B89B-0CD0CEB554C7}.Debug|Any CPU.Build.0 = Debug|Any CPU
		{D017C3CC-0083-4509-B89B-0CD0CEB554C7}.Release|Any CPU.ActiveCfg = Release|Any CPU
		{D017C3CC-0083-4509-B89B-0CD0CEB554C7}.Release|Any CPU.Build.0 = Release|Any CPU
	EndGlobalSection
	GlobalSection(SolutionProperties) = preSolution
		HideSolutionNode = FALSE
	EndGlobalSection
	GlobalSection(ExtensibilityGlobals) = postSolution
		SolutionGuid = {4CBAFD5F-F372-4ACE-8010-E8DC59EEB3EE}
	EndGlobalSection
EndGlobal
